
Microsoft Visual Studio Solution File, Format Version 12.00
# Visual Studio Version 17
VisualStudioVersion = 17.9.34701.34
MinimumVisualStudioVersion = 10.0.40219.1
Project("{8BC9CEB8-8B4A-11D0-8D11-00A0C91BC942}") = "Calc24Server", "Calc24Server\Calc24Server.vcxproj", "{C6C2C359-D1C2-43D2-9AEF-A6444BF7F638}"
EndProject
Project("{8BC9CEB8-8B4A-11D0-8D11-00A0C91BC942}") = "Calc24Client", "Calc24Client\Calc24Client.vcxproj", "{11DFA240-F4CE-44F0-81AC-E8596CCE311E}"
EndProject
Global
	GlobalSection(SolutionConfigurationPlatforms) = preSolution
		Debug|x64 = Debug|x64
		Debug|x86 = Debug|x86
		Release|x64 = Release|x64
		Release|x86 = Release|x86
	EndGlobalSection
	GlobalSection(ProjectConfigurationPlatforms) = postSolution
		{C6C2C359-D1C2-43D2-9AEF-A6444BF7F638}.Debug|x64.ActiveCfg = Debug|x64
		{C6C2C359-D1C2-43D2-9AEF-A6444BF7F638}.Debug|x64.Build.0 = Debug|x64
		{C6C2C359-D1C2-43D2-9AEF-A6444BF7F638}.Debug|x86.ActiveCfg = Debug|Win32
		{C6C2C359-D1C2-43D2-9AEF-A6444BF7F638}.Debug|x86.Build.0 = Debug|Win32
		{C6C2C359-D1C2-43D2-9AEF-A6444BF7F638}.Release|x64.ActiveCfg = Release|x64
		{C6C2C359-D1C2-43D2-9AEF-A6444BF7F638}.Release|x64.Build.0 = Release|x64
		{C6C2C359-D1C2-43D2-9AEF-A6444BF7F638}.Release|x86.ActiveCfg = Release|Win32
		{C6C2C359-D1C2-43D2-9AEF-A6444BF7F638}.Release|x86.Build.0 = Release|Win32
		{11DFA240-F4CE-44F0-81AC-E8596CCE311E}.Debug|x64.ActiveCfg = Debug|x64
		{11DFA240-F4CE-44F0-81AC-E8596CCE311E}.Debug|x64.Build.0 = Debug|x64
		{11DFA240-F4CE-44F0-81AC-E8596CCE311E}.Debug|x86.ActiveCfg = Debug|Win32
		{11DFA240-F4CE-44F0-81AC-E8596CCE311E}.Debug|x86.Build.0 = Debug|Win32
		{11DFA240-F4CE-44F0-81AC-E8596CCE311E}.Release|x64.ActiveCfg = Release|x64
		{11DFA240-F4CE-44F0-81AC-E8596CCE311E}.Release|x64.Build.0 = Release|x64
		{11DFA240-F4CE-44F0-81AC-E8596CCE311E}.Release|x86.ActiveCfg = Release|Win32
		{11DFA240-F4CE-44F0-81AC-E8596CCE311E}.Release|x86.Build.0 = Release|Win32
	EndGlobalSection
	GlobalSection(SolutionProperties) = preSolution
		HideSolutionNode = FALSE
	EndGlobalSection
	GlobalSection(ExtensibilityGlobals) = postSolution
		SolutionGuid = {C7D0DB5F-E9EC-414D-848C-225EA088BBEF}
	EndGlobalSection
EndGlobal
